{
  "name": "yt-agent-app",
  "lockfileVersion": 3,
  "requires": true,
  "packages": {
    "": {
      "dependencies": {
        "node": "^24.2.0",
        "v20": "^0.1.0"
      }
    },
    "node_modules/node": {
      "version": "24.2.0",
      "resolved": "https://registry.npmjs.org/node/-/node-24.2.0.tgz",
      "integrity": "sha512-+LxcguHN48uLeFUdC8w9SGbJhuOklUrCgl0K3dmqhXdokzwd83HKXUbeA8JLd41G+77W9Ovq7FXGCij74Ff/tw==",
      "hasInstallScript": true,
      "license": "ISC",
      "dependencies": {
        "node-bin-setup": "^1.0.0"
      },
      "bin": {
        "node": "bin/node"
      },
      "engines": {
        "npm": ">=5.0.0"
      }
    },
    "node_modules/node-bin-setup": {
      "version": "1.1.4",
      "resolved": "https://registry.npmjs.org/node-bin-setup/-/node-bin-setup-1.1.4.tgz",
      "integrity": "sha512-vWNHOne0ZUavArqPP5LJta50+S8R261Fr5SvGul37HbEDcowvLjwdvd0ZeSr0r2lTSrPxl6okq9QUw8BFGiAxA==",
      "license": "ISC"
    },
    "node_modules/v20": {
      "version": "0.1.0",
      "resolved": "https://registry.npmjs.org/v20/-/v20-0.1.0.tgz",
      "integrity": "sha512-5mveu8OtYG01yZX4HThyj1kJIJ1YK1jj4tt3MpXo/BAwUlj8EsfEj11Pz7Z5BT1vVOPoCo6EjYzEO3RWrAGfAA==",
      "license": "MIT"
    }
  }
}
